
Microsoft Visual Studio Solution File, Format Version 12.00
# Visual Studio Version 17
VisualStudioVersion = 17.12.35527.113 d17.12
MinimumVisualStudioVersion = 10.0.40219.1
Project("{FAE04EC0-301F-11D3-BF4B-00C04F79EFBC}") = "passConsoleApp2", "passConsoleApp2\passConsoleApp2.csproj", "{F57B4917-1E18-49DF-8315-8BA6588486BC}"
EndProject
Global
	GlobalSection(SolutionConfigurationPlatforms) = preSolution
		Debug|Any CPU = Debug|Any CPU
		Release|Any CPU = Release|Any CPU
	EndGlobalSection
	GlobalSection(ProjectConfigurationPlatforms) = postSolution
		{F57B4917-1E18-49DF-8315-8BA6588486BC}.Debug|Any CPU.ActiveCfg = Debug|Any CPU
		{F57B4917-1E18-49DF-8315-8BA6588486BC}.Debug|Any CPU.Build.0 = Debug|Any CPU
		{F57B4917-1E18-49DF-8315-8BA6588486BC}.Release|Any CPU.ActiveCfg = Release|Any CPU
		{F57B4917-1E18-49DF-8315-8BA6588486BC}.Release|Any CPU.Build.0 = Release|Any CPU
	EndGlobalSection
	GlobalSection(SolutionProperties) = preSolution
		HideSolutionNode = FALSE
	EndGlobalSection
EndGlobal
